
Microsoft Visual Studio Solution File, Format Version 12.00
Project("{FAE04EC0-301F-11D3-BF4B-00C04F79EFBC}") = "Deliveroo.Cron", "Deliveroo.Cron\Deliveroo.Cron.csproj", "{BE0B931D-7A5A-4E7F-AF49-E27E0622B0D0}"
EndProject
Project("{FAE04EC0-301F-11D3-BF4B-00C04F79EFBC}") = "Deliveroo.CronTests", "Deliveroo.CronTests\Deliveroo.CronTests.csproj", "{67B83909-106C-42D9-B952-AF9AAEE8E483}"
EndProject
Global
	GlobalSection(SolutionConfigurationPlatforms) = preSolution
		Debug|Any CPU = Debug|Any CPU
		Release|Any CPU = Release|Any CPU
	EndGlobalSection
	GlobalSection(ProjectConfigurationPlatforms) = postSolution
		{BE0B931D-7A5A-4E7F-AF49-E27E0622B0D0}.Debug|Any CPU.ActiveCfg = Debug|Any CPU
		{BE0B931D-7A5A-4E7F-AF49-E27E0622B0D0}.Debug|Any CPU.Build.0 = Debug|Any CPU
		{BE0B931D-7A5A-4E7F-AF49-E27E0622B0D0}.Release|Any CPU.ActiveCfg = Release|Any CPU
		{BE0B931D-7A5A-4E7F-AF49-E27E0622B0D0}.Release|Any CPU.Build.0 = Release|Any CPU
		{67B83909-106C-42D9-B952-AF9AAEE8E483}.Debug|Any CPU.ActiveCfg = Debug|Any CPU
		{67B83909-106C-42D9-B952-AF9AAEE8E483}.Debug|Any CPU.Build.0 = Debug|Any CPU
		{67B83909-106C-42D9-B952-AF9AAEE8E483}.Release|Any CPU.ActiveCfg = Release|Any CPU
		{67B83909-106C-42D9-B952-AF9AAEE8E483}.Release|Any CPU.Build.0 = Release|Any CPU
	EndGlobalSection
EndGlobal
